PODS:
  - CodableWrapper (0.3.2)
  - MMKV (1.2.15):
    - MMKVCore (~> 1.2.15)
  - MMKVCore (1.2.15)
  - XCoordinator (2.2.1):
    - XCoordinator/Core (= 2.2.1)
  - XCoordinator/Core (2.2.1)

DEPENDENCIES:
  - CodableWrapper
  - MMKV
  - XCoordinator

SPEC REPOS:
  https://github.com/CocoaPods/Specs.git:
    - CodableWrapper
    - MMKV
    - MMKVCore
    - XCoordinator

SPEC CHECKSUMS:
  CodableWrapper: fbb76b3bea6519564b456bb295317df35d5100c5
  MMKV: 7f34558bbb5a33b0eaefae2de4b6a20a2ffdad6f
  MMKVCore: ddf41b9d9262f058419f9ba7598719af56c02cd3
  XCoordinator: 2cf9f72e10998b7a4a4bbeac3d07e071ea82fca3

PODFILE CHECKSUM: 7650fbab979c7adf4bd080ecc365be5259481b6e

COCOAPODS: 1.15.2
